// !$*UTF8*$!
{
	archiveVersion = 1;
	classes = {
	};
	objectVersion = 50;
	objects = {

/* Begin PBXBuildFile section */
		7518C0EC269D2CDE00C27C1C /* AppDelegate.swift in Sources */ = {isa = PBXBuildFile; fileRef = 7518C0EB269D2CDE00C27C1C /* AppDelegate.swift */; };
		7518C0EE269D2CDE00C27C1C /* SceneDelegate.swift in Sources */ = {isa = PBXBuildFile; fileRef = 7518C0ED269D2CDE00C27C1C /* SceneDelegate.swift */; };
		7518C0F0269D2CDE00C27C1C /* ViewController.swift in Sources */ = {isa = PBXBuildFile; fileRef = 7518C0EF269D2CDE00C27C1C /* ViewController.swift */; };
		7518C0F3269D2CDE00C27C1C /* Main.storyboard in Resources */ = {isa = PBXBuildFile; fileRef = 7518C0F1269D2CDE00C27C1C /* Main.storyboard */; };
		7518C0F5269D2CE000C27C1C /* Assets.xcassets in Resources */ = {isa = PBXBuildFile; fileRef = 7518C0F4269D2CE000C27C1C /* Assets.xcassets */; };
		7518C0F8269D2CE000C27C1C /* LaunchScreen.storyboard in Resources */ = {isa = PBXBuildFile; fileRef = 7518C0F6269D2CE000C27C1C /* LaunchScreen.storyboard */; };
		7518C103269D2CE000C27C1C /* LiquorRecordMVVMTests.swift in Sources */ = {isa = PBXBuildFile; fileRef = 7518C102269D2CE000C27C1C /* LiquorRecordMVVMTests.swift */; };
		7518C10E269D2CE000C27C1C /* LiquorRecordMVVMUITests.swift in Sources */ = {isa = PBXBuildFile; fileRef = 7518C10D269D2CE000C27C1C /* LiquorRecordMVVMUITests.swift */; };
/* End PBXBuildFile section */

/* Begin PBXContainerItemProxy section */
		7518C0FF269D2CE000C27C1C /* PBXContainerItemProxy */ = {
			isa = PBXContainerItemProxy;
			containerPortal = 7518C0E0269D2CDD00C27C1C /* Project object */;
			proxyType = 1;
			remoteGlobalIDString = 7518C0E7269D2CDE00C27C1C;
			remoteInfo = LiquorRecordMVVM;
		};
		7518C10A269D2CE000C27C1C /* PBXContainerItemProxy */ = {
			isa = PBXContainerItemProxy;
			containerPortal = 7518C0E0269D2CDD00C27C1C /* Project object */;
			proxyType = 1;
			remoteGlobalIDString = 7518C0E7269D2CDE00C27C1C;
			remoteInfo = LiquorRecordMVVM;
		};
/* End PBXContainerItemProxy section */

/* Begin PBXFileReference section */
		7518C0E8269D2CDE00C27C1C /* LiquorRecordMVVM.app */ = {isa = PBXFileReference; explicitFileType = wrapper.application; includeInIndex = 0; path = LiquorRecordMVVM.app; sourceTree = BUILT_PRODUCTS_DIR; };
		7518C0EB269D2CDE00C27C1C /* AppDelegate.swift */ = {isa = PBXFileReference; lastKnownFileType = sourcecode.swift; path = AppDelegate.swift; sourceTree = "<group>"; };
		7518C0ED269D2CDE00C27C1C /* SceneDelegate.swift */ = {isa = PBXFileReference; lastKnownFileType = sourcecode.swift; path = SceneDelegate.swift; sourceTree = "<group>"; };
		7518C0EF269D2CDE00C27C1C /* ViewController.swift */ = {isa = PBXFileReference; lastKnownFileType = sourcecode.swift; path = ViewController.swift; sourceTree = "<group>"; };
		7518C0F2269D2CDE00C27C1C /* Base */ = {isa = PBXFileReference; lastKnownFileType = file.storyboard; name = Base; path = Base.lproj/Main.storyboard; sourceTree = "<group>"; };
		7518C0F4269D2CE000C27C1C /* Assets.xcassets */ = {isa = PBXFileReference; lastKnownFileType = folder.assetcatalog; path = Assets.xcassets; sourceTree = "<group>"; };
		7518C0F7269D2CE000C27C1C /* Base */ = {isa = PBXFileReference; lastKnownFileType = file.storyboard; name = Base; path = Base.lproj/LaunchScreen.storyboard; sourceTree = "<group>"; };
		7518C0F9269D2CE000C27C1C /* Info.plist */ = {isa = PBXFileReference; lastKnownFileType = text.plist.xml; path = Info.plist; sourceTree = "<group>"; };
		7518C0FE269D2CE000C27C1C /* LiquorRecordMVVMTests.xctest */ = {isa = PBXFileReference; explicitFileType = wrapper.cfbundle; includeInIndex = 0; path = LiquorRecordMVVMTests.xctest; sourceTree = BUILT_PRODUCTS_DIR; };
		7518C102269D2CE000C27C1C /* LiquorRecordMVVMTests.swift */ = {isa = PBXFileReference; lastKnownFileType = sourcecode.swift; path = LiquorRecordMVVMTests.swift; sourceTree = "<group>"; };
		7518C104269D2CE000C27C1C /* Info.plist */ = {isa = PBXFileReference; lastKnownFileType = text.plist.xml; path = Info.plist; sourceTree = "<group>"; };
		7518C109269D2CE000C27C1C /* LiquorRecordMVVMUITests.xctest */ = {isa = PBXFileReference; explicitFileType = wrapper.cfbundle; includeInIndex = 0; path = LiquorRecordMVVMUITests.xctest; sourceTree = BUILT_PRODUCTS_DIR; };
		7518C10D269D2CE000C27C1C /* LiquorRecordMVVMUITests.swift */ = {isa = PBXFileReference; lastKnownFileType = sourcecode.swift; path = LiquorRecordMVVMUITests.swift; sourceTree = "<group>"; };
		7518C10F269D2CE000C27C1C /* Info.plist */ = {isa = PBXFileReference; lastKnownFileType = text.plist.xml; path = Info.plist; sourceTree = "<group>"; };
/* End PBXFileReference section */

/* Begin PBXFrameworksBuildPhase section */
		7518C0E5269D2CDE00C27C1C /* Frameworks */ = {
			isa = PBXFrameworksBuildPhase;
			buildActionMask = 2147483647;
			files = (
			);
			runOnlyForDeploymentPostprocessing = 0;
		};
		7518C0FB269D2CE000C27C1C /* Frameworks */ = {
			isa = PBXFrameworksBuildPhase;
			buildActionMask = 2147483647;
			files = (
			);
			runOnlyForDeploymentPostprocessing = 0;
		};
		7518C106269D2CE000C27C1C /* Frameworks */ = {
			isa = PBXFrameworksBuildPhase;
			buildActionMask = 2147483647;
			files = (
			);
			runOnlyForDeploymentPostprocessing = 0;
		};
/* End PBXFrameworksBuildPhase section */

/* Begin PBXGroup section */
		7518C0DF269D2CDD00C27C1C = {
			isa = PBXGroup;
			children = (
				7518C0EA269D2CDE00C27C1C /* LiquorRecordMVVM */,
				7518C101269D2CE000C27C1C /* LiquorRecordMVVMTests */,
				7518C10C269D2CE000C27C1C /* LiquorRecordMVVMUITests */,
				7518C0E9269D2CDE00C27C1C /* Products */,
			);
			sourceTree = "<group>";
		};
		7518C0E9269D2CDE00C27C1C /* Products */ = {
			isa = PBXGroup;
			children = (
				7518C0E8269D2CDE00C27C1C /* LiquorRecordMVVM.app */,
				7518C0FE269D2CE000C27C1C /* LiquorRecordMVVMTests.xctest */,
				7518C109269D2CE000C27C1C /* LiquorRecordMVVMUITests.xctest */,
			);
			name = Products;
			sourceTree = "<group>";
		};
		7518C0EA269D2CDE00C27C1C /* LiquorRecordMVVM */ = {
			isa = PBXGroup;
			children = (
				7518C0EB269D2CDE00C27C1C /* AppDelegate.swift */,
				7518C0ED269D2CDE00C27C1C /* SceneDelegate.swift */,
				7518C0EF269D2CDE00C27C1C /* ViewController.swift */,
				7518C0F1269D2CDE00C27C1C /* Main.storyboard */,
				7518C0F4269D2CE000C27C1C /* Assets.xcassets */,
				7518C0F6269D2CE000C27C1C /* LaunchScreen.storyboard */,
				7518C0F9269D2CE000C27C1C /* Info.plist */,
			);
			path = LiquorRecordMVVM;
			sourceTree = "<group>";
		};
		7518C101269D2CE000C27C1C /* LiquorRecordMVVMTests */ = {
			isa = PBXGroup;
			children = (
				7518C102269D2CE000C27C1C /* LiquorRecordMVVMTests.swift */,
				7518C104269D2CE000C27C1C /* Info.plist */,
			);
			path = LiquorRecordMVVMTests;
			sourceTree = "<group>";
		};
		7518C10C269D2CE000C27C1C /* LiquorRecordMVVMUITests */ = {
			isa = PBXGroup;
			children = (
				7518C10D269D2CE000C27C1C /* LiquorRecordMVVMUITests.swift */,
				7518C10F269D2CE000C27C1C /* Info.plist */,
			);
			path = LiquorRecordMVVMUITests;
			sourceTree = "<group>";
		};
/* End PBXGroup section */

/* Begin PBXNativeTarget section */
		7518C0E7269D2CDE00C27C1C /* LiquorRecordMVVM */ = {
			isa = PBXNativeTarget;
			buildConfigurationList = 7518C112269D2CE000C27C1C /* Build configuration list for PBXNativeTarget "LiquorRecordMVVM" */;
			buildPhases = (
				7518C0E4269D2CDE00C27C1C /* Sources */,
				7518C0E5269D2CDE00C27C1C /* Frameworks */,
				7518C0E6269D2CDE00C27C1C /* Resources */,
			);
			buildRules = (
			);
			dependencies = (
			);
			name = LiquorRecordMVVM;
			productName = LiquorRecordMVVM;
			productReference = 7518C0E8269D2CDE00C27C1C /* LiquorRecordMVVM.app */;
			productType = "com.apple.product-type.application";
		};
		7518C0FD269D2CE000C27C1C /* LiquorRecordMVVMTests */ = {
			isa = PBXNativeTarget;
			buildConfigurationList = 7518C115269D2CE000C27C1C /* Build configuration list for PBXNativeTarget "LiquorRecordMVVMTests" */;
			buildPhases = (
				7518C0FA269D2CE000C27C1C /* Sources */,
				7518C0FB269D2CE000C27C1C /* Frameworks */,
				7518C0FC269D2CE000C27C1C /* Resources */,
			);
			buildRules = (
			);
			dependencies = (
				7518C100269D2CE000C27C1C /* PBXTargetDependency */,
			);
			name = LiquorRecordMVVMTests;
			productName = LiquorRecordMVVMTests;
			productReference = 7518C0FE269D2CE000C27C1C /* LiquorRecordMVVMTests.xctest */;
			productType = "com.apple.product-type.bundle.unit-test";
		};
		7518C108269D2CE000C27C1C /* LiquorRecordMVVMUITests */ = {
			isa = PBXNativeTarget;
			buildConfigurationList = 7518C118269D2CE000C27C1C /* Build configuration list for PBXNativeTarget "LiquorRecordMVVMUITests" */;
			buildPhases = (
				7518C105269D2CE000C27C1C /* Sources */,
				7518C106269D2CE000C27C1C /* Frameworks */,
				7518C107269D2CE000C27C1C /* Resources */,
			);
			buildRules = (
			);
			dependencies = (
				7518C10B269D2CE000C27C1C /* PBXTargetDependency */,
			);
			name = LiquorRecordMVVMUITests;
			productName = LiquorRecordMVVMUITests;
			productReference = 7518C109269D2CE000C27C1C /* LiquorRecordMVVMUITests.xctest */;
			productType = "com.apple.product-type.bundle.ui-testing";
		};
/* End PBXNativeTarget section */

/* Begin PBXProject section */
		7518C0E0269D2CDD00C27C1C /* Project object */ = {
			isa = PBXProject;
			attributes = {
				LastSwiftUpdateCheck = 1250;
				LastUpgradeCheck = 1250;
				TargetAttributes = {
					7518C0E7269D2CDE00C27C1C = {
						CreatedOnToolsVersion = 12.5.1;
					};
					7518C0FD269D2CE000C27C1C = {
						CreatedOnToolsVersion = 12.5.1;
						TestTargetID = 7518C0E7269D2CDE00C27C1C;
					};
					7518C108269D2CE000C27C1C = {
						CreatedOnToolsVersion = 12.5.1;
						TestTargetID = 7518C0E7269D2CDE00C27C1C;
					};
				};
			};
			buildConfigurationList = 7518C0E3269D2CDD00C27C1C /* Build configuration list for PBXProject "LiquorRecordMVVM" */;
			compatibilityVersion = "Xcode 9.3";
			developmentRegion = en;
			hasScannedForEncodings = 0;
			knownRegions = (
				en,
				Base,
			);
			mainGroup = 7518C0DF269D2CDD00C27C1C;
			productRefGroup = 7518C0E9269D2CDE00C27C1C /* Products */;
			projectDirPath = "";
			projectRoot = "";
			targets = (
				7518C0E7269D2CDE00C27C1C /* LiquorRecordMVVM */,
				7518C0FD269D2CE000C27C1C /* LiquorRecordMVVMTests */,
				7518C108269D2CE000C27C1C /* LiquorRecordMVVMUITests */,
			);
		};
/* End PBXProject section */

/* Begin PBXResourcesBuildPhase section */
		7518C0E6269D2CDE00C27C1C /* Resources */ = {
			isa = PBXResourcesBuildPhase;
			buildActionMask = 2147483647;
			files = (
				7518C0F8269D2CE000C27C1C /* LaunchScreen.storyboard in Resources */,
				7518C0F5269D2CE000C27C1C /* Assets.xcassets in Resources */,
				7518C0F3269D2CDE00C27C1C /* Main.storyboard in Resources */,
			);
			runOnlyForDeploymentPostprocessing = 0;
		};
		7518C0FC269D2CE000C27C1C /* Resources */ = {
			isa = PBXResourcesBuildPhase;
			buildActionMask = 2147483647;
			files = (
			);
			runOnlyForDeploymentPostprocessing = 0;
		};
		7518C107269D2CE000C27C1C /* Resources */ = {
			isa = PBXResourcesBuildPhase;
			buildActionMask = 2147483647;
			files = (
			);
			runOnlyForDeploymentPostprocessing = 0;
		};
/* End PBXResourcesBuildPhase section */

/* Begin PBXSourcesBuildPhase section */
		7518C0E4269D2CDE00C27C1C /* Sources */ = {
			isa = PBXSourcesBuildPhase;
			buildActionMask = 2147483647;
			files = (
				7518C0F0269D2CDE00C27C1C /* ViewController.swift in Sources */,
				7518C0EC269D2CDE00C27C1C /* AppDelegate.swift in Sources */,
				7518C0EE269D2CDE00C27C1C /* SceneDelegate.swift in Sources */,
			);
			runOnlyForDeploymentPostprocessing = 0;
		};
		7518C0FA269D2CE000C27C1C /* Sources */ = {
			isa = PBXSourcesBuildPhase;
			buildActionMask = 2147483647;
			files = (
				7518C103269D2CE000C27C1C /* LiquorRecordMVVMTests.swift in Sources */,
			);
			runOnlyForDeploymentPostprocessing = 0;
		};
		7518C105269D2CE000C27C1C /* Sources */ = {
			isa = PBXSourcesBuildPhase;
			buildActionMask = 2147483647;
			files = (
				7518C10E269D2CE000C27C1C /* LiquorRecordMVVMUITests.swift in Sources */,
			);
			runOnlyForDeploymentPostprocessing = 0;
		};
/* End PBXSourcesBuildPhase section */

/* Begin PBXTargetDependency section */
		7518C100269D2CE000C27C1C /* PBXTargetDependency */ = {
			isa = PBXTargetDependency;
			target = 7518C0E7269D2CDE00C27C1C /* LiquorRecordMVVM */;
			targetProxy = 7518C0FF269D2CE000C27C1C /* PBXContainerItemProxy */;
		};
		7518C10B269D2CE000C27C1C /* PBXTargetDependency */ = {
			isa = PBXTargetDependency;
			target = 7518C0E7269D2CDE00C27C1C /* LiquorRecordMVVM */;
			targetProxy = 7518C10A269D2CE000C27C1C /* PBXContainerItemProxy */;
		};
/* End PBXTargetDependency section */

/* Begin PBXVariantGroup section */
		7518C0F1269D2CDE00C27C1C /* Main.storyboard */ = {
			isa = PBXVariantGroup;
			children = (
				7518C0F2269D2CDE00C27C1C /* Base */,
			);
			name = Main.storyboard;
			sourceTree = "<group>";
		};
		7518C0F6269D2CE000C27C1C /* LaunchScreen.storyboard */ = {
			isa = PBXVariantGroup;
			children = (
				7518C0F7269D2CE000C27C1C /* Base */,
			);
			name = LaunchScreen.storyboard;
			sourceTree = "<group>";
		};
/* End PBXVariantGroup section */

/* Begin XCBuildConfiguration section */
		7518C110269D2CE000C27C1C /* Debug */ = {
			isa = XCBuildConfiguration;
			buildSettings = {
				ALWAYS_SEARCH_USER_PATHS = NO;
				CLANG_ANALYZER_NONNULL = YES;
				CLANG_ANALYZER_NUMBER_OBJECT_CONVERSION = YES_AGGRESSIVE;
				CLANG_CXX_LANGUAGE_STANDARD = "gnu++14";
				CLANG_CXX_LIBRARY = "libc++";
				CLANG_ENABLE_MODULES = YES;
				CLANG_ENABLE_OBJC_ARC = YES;
				CLANG_ENABLE_OBJC_WEAK = YES;
				CLANG_WARN_BLOCK_CAPTURE_AUTORELEASING = YES;
				CLANG_WARN_BOOL_CONVERSION = YES;
				CLANG_WARN_COMMA = YES;
				CLANG_WARN_CONSTANT_CONVERSION = YES;
				CLANG_WARN_DEPRECATED_OBJC_IMPLEMENTATIONS = YES;
				CLANG_WARN_DIRECT_OBJC_ISA_USAGE = YES_ERROR;
				CLANG_WARN_DOCUMENTATION_COMMENTS = YES;
				CLANG_WARN_EMPTY_BODY = YES;
				CLANG_WARN_ENUM_CONVERSION = YES;
				CLANG_WARN_INFINITE_RECURSION = YES;
				CLANG_WARN_INT_CONVERSION = YES;
				CLANG_WARN_NON_LITERAL_NULL_CONVERSION = YES;
				CLANG_WARN_OBJC_IMPLICIT_RETAIN_SELF = YES;
				CLANG_WARN_OBJC_LITERAL_CONVERSION = YES;
				CLANG_WARN_OBJC_ROOT_CLASS = YES_ERROR;
				CLANG_WARN_QUOTED_INCLUDE_IN_FRAMEWORK_HEADER = YES;
				CLANG_WARN_RANGE_LOOP_ANALYSIS = YES;
				CLANG_WARN_STRICT_PROTOTYPES = YES;
				CLANG_WARN_SUSPICIOUS_MOVE = YES;
				CLANG_WARN_UNGUARDED_AVAILABILITY = YES_AGGRESSIVE;
				CLANG_WARN_UNREACHABLE_CODE = YES;
				CLANG_WARN__DUPLICATE_METHOD_MATCH = YES;
				COPY_PHASE_STRIP = NO;
				DEBUG_INFORMATION_FORMAT = dwarf;
				ENABLE_STRICT_OBJC_MSGSEND = YES;
				ENABLE_TESTABILITY = YES;
				GCC_C_LANGUAGE_STANDARD = gnu11;
				GCC_DYNAMIC_NO_PIC = NO;
				GCC_NO_COMMON_BLOCKS = YES;
				GCC_OPTIMIZATION_LEVEL = 0;
				GCC_PREPROCESSOR_DEFINITIONS = (
					"DEBUG=1",
					"$(inherited)",
				);
				GCC_WARN_64_TO_32_BIT_CONVERSION = YES;
				GCC_WARN_ABOUT_RETURN_TYPE = YES_ERROR;
				GCC_WARN_UNDECLARED_SELECTOR = YES;
				GCC_WARN_UNINITIALIZED_AUTOS = YES_AGGRESSIVE;
				GCC_WARN_UNUSED_FUNCTION = YES;
				GCC_WARN_UNUSED_VARIABLE = YES;
				IPHONEOS_DEPLOYMENT_TARGET = 14.5;
				MTL_ENABLE_DEBUG_INFO = INCLUDE_SOURCE;
				MTL_FAST_MATH = YES;
				ONLY_ACTIVE_ARCH = YES;
				SDKROOT = iphoneos;
				SWIFT_ACTIVE_COMPILATION_CONDITIONS = DEBUG;
				SWIFT_OPTIMIZATION_LEVEL = "-Onone";
			};
			name = Debug;
		};
		7518C111269D2CE000C27C1C /* Release */ = {
			isa = XCBuildConfiguration;
			buildSettings = {
				ALWAYS_SEARCH_USER_PATHS = NO;
				CLANG_ANALYZER_NONNULL = YES;
				CLANG_ANALYZER_NUMBER_OBJECT_CONVERSION = YES_AGGRESSIVE;
				CLANG_CXX_LANGUAGE_STANDARD = "gnu++14";
				CLANG_CXX_LIBRARY = "libc++";
				CLANG_ENABLE_MODULES = YES;
				CLANG_ENABLE_OBJC_ARC = YES;
				CLANG_ENABLE_OBJC_WEAK = YES;
				CLANG_WARN_BLOCK_CAPTURE_AUTORELEASING = YES;
				CLANG_WARN_BOOL_CONVERSION = YES;
				CLANG_WARN_COMMA = YES;
				CLANG_WARN_CONSTANT_CONVERSION = YES;
				CLANG_WARN_DEPRECATED_OBJC_IMPLEMENTATIONS = YES;
				CLANG_WARN_DIRECT_OBJC_ISA_USAGE = YES_ERROR;
				CLANG_WARN_DOCUMENTATION_COMMENTS = YES;
				CLANG_WARN_EMPTY_BODY = YES;
				CLANG_WARN_ENUM_CONVERSION = YES;
				CLANG_WARN_INFINITE_RECURSION = YES;
				CLANG_WARN_INT_CONVERSION = YES;
				CLANG_WARN_NON_LITERAL_NULL_CONVERSION = YES;
				CLANG_WARN_OBJC_IMPLICIT_RETAIN_SELF = YES;
				CLANG_WARN_OBJC_LITERAL_CONVERSION = YES;
				CLANG_WARN_OBJC_ROOT_CLASS = YES_ERROR;
				CLANG_WARN_QUOTED_INCLUDE_IN_FRAMEWORK_HEADER = YES;
				CLANG_WARN_RANGE_LOOP_ANALYSIS = YES;
				CLANG_WARN_STRICT_PROTOTYPES = YES;
				CLANG_WARN_SUSPICIOUS_MOVE = YES;
				CLANG_WARN_UNGUARDED_AVAILABILITY = YES_AGGRESSIVE;
				CLANG_WARN_UNREACHABLE_CODE = YES;
				CLANG_WARN__DUPLICATE_METHOD_MATCH = YES;
				COPY_PHASE_STRIP = NO;
				DEBUG_INFORMATION_FORMAT = "dwarf-with-dsym";
				ENABLE_NS_ASSERTIONS = NO;
				ENABLE_STRICT_OBJC_MSGSEND = YES;
				GCC_C_LANGUAGE_STANDARD = gnu11;
				GCC_NO_COMMON_BLOCKS = YES;
				GCC_WARN_64_TO_32_BIT_CONVERSION = YES;
				GCC_WARN_ABOUT_RETURN_TYPE = YES_ERROR;
				GCC_WARN_UNDECLARED_SELECTOR = YES;
				GCC_WARN_UNINITIALIZED_AUTOS = YES_AGGRESSIVE;
				GCC_WARN_UNUSED_FUNCTION = YES;
				GCC_WARN_UNUSED_VARIABLE = YES;
				IPHONEOS_DEPLOYMENT_TARGET = 14.5;
				MTL_ENABLE_DEBUG_INFO = NO;
				MTL_FAST_MATH = YES;
				SDKROOT = iphoneos;
				SWIFT_COMPILATION_MODE = wholemodule;
				SWIFT_OPTIMIZATION_LEVEL = "-O";
				VALIDATE_PRODUCT = YES;
			};
			name = Release;
		};
		7518C113269D2CE000C27C1C /* Debug */ = {
			isa = XCBuildConfiguration;
			buildSettings = {
				ASSETCATALOG_COMPILER_APPICON_NAME = AppIcon;
				ASSETCATALOG_COMPILER_GLOBAL_ACCENT_COLOR_NAME = AccentColor;
				CODE_SIGN_STYLE = Automatic;
				DEVELOPMENT_TEAM = N53995CJPD;
				INFOPLIST_FILE = LiquorRecordMVVM/Info.plist;
				LD_RUNPATH_SEARCH_PATHS = (
					"$(inherited)",
					"@executable_path/Frameworks",
				);
				PRODUCT_BUNDLE_IDENTIFIER = com.tatsuo.LiquorRecordMVVM;
				PRODUCT_NAME = "$(TARGET_NAME)";
				SWIFT_VERSION = 5.0;
				TARGETED_DEVICE_FAMILY = "1,2";
			};
			name = Debug;
		};
		7518C114269D2CE000C27C1C /* Release */ = {
			isa = XCBuildConfiguration;
			buildSettings = {
				ASSETCATALOG_COMPILER_APPICON_NAME = AppIcon;
				ASSETCATALOG_COMPILER_GLOBAL_ACCENT_COLOR_NAME = AccentColor;
				CODE_SIGN_STYLE = Automatic;
				DEVELOPMENT_TEAM = N53995CJPD;
				INFOPLIST_FILE = LiquorRecordMVVM/Info.plist;
				LD_RUNPATH_SEARCH_PATHS = (
					"$(inherited)",
					"@executable_path/Frameworks",
				);
				PRODUCT_BUNDLE_IDENTIFIER = com.tatsuo.LiquorRecordMVVM;
				PRODUCT_NAME = "$(TARGET_NAME)";
				SWIFT_VERSION = 5.0;
				TARGETED_DEVICE_FAMILY = "1,2";
			};
			name = Release;
		};
		7518C116269D2CE000C27C1C /* Debug */ = {
			isa = XCBuildConfiguration;
			buildSettings = {
				ALWAYS_EMBED_SWIFT_STANDARD_LIBRARIES = YES;
				BUNDLE_LOADER = "$(TEST_HOST)";
				CODE_SIGN_STYLE = Automatic;
				DEVELOPMENT_TEAM = N53995CJPD;
				INFOPLIST_FILE = LiquorRecordMVVMTests/Info.plist;
				IPHONEOS_DEPLOYMENT_TARGET = 14.5;
				LD_RUNPATH_SEARCH_PATHS = (
					"$(inherited)",
					"@executable_path/Frameworks",
					"@loader_path/Frameworks",
				);
				PRODUCT_BUNDLE_IDENTIFIER = com.tatsuo.LiquorRecordMVVMTests;
				PRODUCT_NAME = "$(TARGET_NAME)";
				SWIFT_VERSION = 5.0;
				TARGETED_DEVICE_FAMILY = "1,2";
				TEST_HOST = "$(BUILT_PRODUCTS_DIR)/LiquorRecordMVVM.app/LiquorRecordMVVM";
			};
			name = Debug;
		};
		7518C117269D2CE000C27C1C /* Release */ = {
			isa = XCBuildConfiguration;
			buildSettings = {
				ALWAYS_EMBED_SWIFT_STANDARD_LIBRARIES = YES;
				BUNDLE_LOADER = "$(TEST_HOST)";
				CODE_SIGN_STYLE = Automatic;
				DEVELOPMENT_TEAM = N53995CJPD;
				INFOPLIST_FILE = LiquorRecordMVVMTests/Info.plist;
				IPHONEOS_DEPLOYMENT_TARGET = 14.5;
				LD_RUNPATH_SEARCH_PATHS = (
					"$(inherited)",
					"@executable_path/Frameworks",
					"@loader_path/Frameworks",
				);
				PRODUCT_BUNDLE_IDENTIFIER = com.tatsuo.LiquorRecordMVVMTests;
				PRODUCT_NAME = "$(TARGET_NAME)";
				SWIFT_VERSION = 5.0;
				TARGETED_DEVICE_FAMILY = "1,2";
				TEST_HOST = "$(BUILT_PRODUCTS_DIR)/LiquorRecordMVVM.app/LiquorRecordMVVM";
			};
			name = Release;
		};
		7518C119269D2CE000C27C1C /* Debug */ = {
			isa = XCBuildConfiguration;
			buildSettings = {
				ALWAYS_EMBED_SWIFT_STANDARD_LIBRARIES = YES;
				CODE_SIGN_STYLE = Automatic;
				DEVELOPMENT_TEAM = N53995CJPD;
				INFOPLIST_FILE = LiquorRecordMVVMUITests/Info.plist;
				LD_RUNPATH_SEARCH_PATHS = (
					"$(inherited)",
					"@executable_path/Frameworks",
					"@loader_path/Frameworks",
				);
				PRODUCT_BUNDLE_IDENTIFIER = com.tatsuo.LiquorRecordMVVMUITests;
				PRODUCT_NAME = "$(TARGET_NAME)";
				SWIFT_VERSION = 5.0;
				TARGETED_DEVICE_FAMILY = "1,2";
				TEST_TARGET_NAME = LiquorRecordMVVM;
			};
			name = Debug;
		};
		7518C11A269D2CE000C27C1C /* Release */ = {
			isa = XCBuildConfiguration;
			buildSettings = {
				ALWAYS_EMBED_SWIFT_STANDARD_LIBRARIES = YES;
				CODE_SIGN_STYLE = Automatic;
				DEVELOPMENT_TEAM = N53995CJPD;
				INFOPLIST_FILE = LiquorRecordMVVMUITests/Info.plist;
				LD_RUNPATH_SEARCH_PATHS = (
					"$(inherited)",
					"@executable_path/Frameworks",
					"@loader_path/Frameworks",
				);
				PRODUCT_BUNDLE_IDENTIFIER = com.tatsuo.LiquorRecordMVVMUITests;
				PRODUCT_NAME = "$(TARGET_NAME)";
				SWIFT_VERSION = 5.0;
				TARGETED_DEVICE_FAMILY = "1,2";
				TEST_TARGET_NAME = LiquorRecordMVVM;
			};
			name = Release;
		};
/* End XCBuildConfiguration section */

/* Begin XCConfigurationList section */
		7518C0E3269D2CDD00C27C1C /* Build configuration list for PBXProject "LiquorRecordMVVM" */ = {
			isa = XCConfigurationList;
			buildConfigurations = (
				7518C110269D2CE000C27C1C /* Debug */,
				7518C111269D2CE000C27C1C /* Release */,
			);
			defaultConfigurationIsVisible = 0;
			defaultConfigurationName = Release;
		};
		7518C112269D2CE000C27C1C /* Build configuration list for PBXNativeTarget "LiquorRecordMVVM" */ = {
			isa = XCConfigurationList;
			buildConfigurations = (
				7518C113269D2CE000C27C1C /* Debug */,
				7518C114269D2CE000C27C1C /* Release */,
			);
			defaultConfigurationIsVisible = 0;
			defaultConfigurationName = Release;
		};
		7518C115269D2CE000C27C1C /* Build configuration list for PBXNativeTarget "LiquorRecordMVVMTests" */ = {
			isa = XCConfigurationList;
			buildConfigurations = (
				7518C116269D2CE000C27C1C /* Debug */,
				7518C117269D2CE000C27C1C /* Release */,
			);
			defaultConfigurationIsVisible = 0;
			defaultConfigurationName = Release;
		};
		7518C118269D2CE000C27C1C /* Build configuration list for PBXNativeTarget "LiquorRecordMVVMUITests" */ = {
			isa = XCConfigurationList;
			buildConfigurations = (
				7518C119269D2CE000C27C1C /* Debug */,
				7518C11A269D2CE000C27C1C /* Release */,
			);
			defaultConfigurationIsVisible = 0;
			defaultConfigurationName = Release;
		};
/* End XCConfigurationList section */
	};
	rootObject = 7518C0E0269D2CDD00C27C1C /* Project object */;
}
